
Microsoft Visual Studio Solution File, Format Version 12.00
# Visual Studio Version 16
VisualStudioVersion = 16.0.30523.141
MinimumVisualStudioVersion = 10.0.40219.1
Project("{FAE04EC0-301F-11D3-BF4B-00C04F79EFBC}") = "API", "API\API.csproj", "{C9DBDAD9-D1F7-410F-BC05-D944852B0DBA}"
EndProject
Project("{FAE04EC0-301F-11D3-BF4B-00C04F79EFBC}") = "FrontEnd", "FrontEnd\FrontEnd.csproj", "{37F8490B-F173-4057-A007-39472F42191C}"
EndProject
Global
	GlobalSection(SolutionConfigurationPlatforms) = preSolution
		Debug|Any CPU = Debug|Any CPU
		Release|Any CPU = Release|Any CPU
	EndGlobalSection
	GlobalSection(ProjectConfigurationPlatforms) = postSolution
		{C9DBDAD9-D1F7-410F-BC05-D944852B0DBA}.Debug|Any CPU.ActiveCfg = Debug|Any CPU
		{C9DBDAD9-D1F7-410F-BC05-D944852B0DBA}.Debug|Any CPU.Build.0 = Debug|Any CPU
		{C9DBDAD9-D1F7-410F-BC05-D944852B0DBA}.Release|Any CPU.ActiveCfg = Release|Any CPU
		{C9DBDAD9-D1F7-410F-BC05-D944852B0DBA}.Release|Any CPU.Build.0 = Release|Any CPU
		{37F8490B-F173-4057-A007-39472F42191C}.Debug|Any CPU.ActiveCfg = Debug|Any CPU
		{37F8490B-F173-4057-A007-39472F42191C}.Debug|Any CPU.Build.0 = Debug|Any CPU
		{37F8490B-F173-4057-A007-39472F42191C}.Release|Any CPU.ActiveCfg = Release|Any CPU
		{37F8490B-F173-4057-A007-39472F42191C}.Release|Any CPU.Build.0 = Release|Any CPU
	EndGlobalSection
	GlobalSection(SolutionProperties) = preSolution
		HideSolutionNode = FALSE
	EndGlobalSection
	GlobalSection(ExtensibilityGlobals) = postSolution
		SolutionGuid = {E0FA0F6B-00DE-4708-9C29-E3394B817B0A}
	EndGlobalSection
EndGlobal
